
Microsoft Visual Studio Solution File, Format Version 12.00
# Visual Studio 15
VisualStudioVersion = 15.0.28307.421
MinimumVisualStudioVersion = 10.0.40219.1
Project("{FAE04EC0-301F-11D3-BF4B-00C04F79EFBC}") = "EscreverNoExcel", "EscreverNoExcel\EscreverNoExcel.csproj", "{B6F288D7-BAC7-4EFC-873E-4F1A9A02EA29}"
EndProject
Global
	GlobalSection(SolutionConfigurationPlatforms) = preSolution
		Debug|Any CPU = Debug|Any CPU
		Release|Any CPU = Release|Any CPU
	EndGlobalSection
	GlobalSection(ProjectConfigurationPlatforms) = postSolution
		{B6F288D7-BAC7-4EFC-873E-4F1A9A02EA29}.Debug|Any CPU.ActiveCfg = Debug|Any CPU
		{B6F288D7-BAC7-4EFC-873E-4F1A9A02EA29}.Debug|Any CPU.Build.0 = Debug|Any CPU
		{B6F288D7-BAC7-4EFC-873E-4F1A9A02EA29}.Release|Any CPU.ActiveCfg = Release|Any CPU
		{B6F288D7-BAC7-4EFC-873E-4F1A9A02EA29}.Release|Any CPU.Build.0 = Release|Any CPU
	EndGlobalSection
	GlobalSection(SolutionProperties) = preSolution
		HideSolutionNode = FALSE
	EndGlobalSection
	GlobalSection(ExtensibilityGlobals) = postSolution
		SolutionGuid = {A1C95A45-5FA7-4E19-9EE9-2A109E29D052}
	EndGlobalSection
EndGlobal
